// !$*UTF8*$!
{
	archiveVersion = 1;
	classes = {
	};
	objectVersion = 56;
	objects = {

/* Begin PBXBuildFile section */
		91169C972D5CA67300881BF9 /* pipelineProjectApp.swift in Sources */ = {isa = PBXBuildFile; fileRef = 91169C962D5CA67300881BF9 /* pipelineProjectApp.swift */; };
		91169C992D5CA67300881BF9 /* ContentView.swift in Sources */ = {isa = PBXBuildFile; fileRef = 91169C982D5CA67300881BF9 /* ContentView.swift */; };
		91169C9B2D5CA67400881BF9 /* Assets.xcassets in Resources */ = {isa = PBXBuildFile; fileRef = 91169C9A2D5CA67400881BF9 /* Assets.xcassets */; };
		91169C9E2D5CA67400881BF9 /* Preview Assets.xcassets in Resources */ = {isa = PBXBuildFile; fileRef = 91169C9D2D5CA67400881BF9 /* Preview Assets.xcassets */; };
		91169CA82D5CA67400881BF9 /* pipelineProjectTests.swift in Sources */ = {isa = PBXBuildFile; fileRef = 91169CA72D5CA67400881BF9 /* pipelineProjectTests.swift */; };
		91169CB22D5CA67400881BF9 /* pipelineProjectUITests.swift in Sources */ = {isa = PBXBuildFile; fileRef = 91169CB12D5CA67400881BF9 /* pipelineProjectUITests.swift */; };
		91169CB42D5CA67400881BF9 /* pipelineProjectUITestsLaunchTests.swift in Sources */ = {isa = PBXBuildFile; fileRef = 91169CB32D5CA67400881BF9 /* pipelineProjectUITestsLaunchTests.swift */; };
/* End PBXBuildFile section */

/* Begin PBXContainerItemProxy section */
		91169CA42D5CA67400881BF9 /* PBXContainerItemProxy */ = {
			isa = PBXContainerItemProxy;
			containerPortal = 91169C8B2D5CA67300881BF9 /* Project object */;
			proxyType = 1;
			remoteGlobalIDString = 91169C922D5CA67300881BF9;
			remoteInfo = pipelineProject;
		};
		91169CAE2D5CA67400881BF9 /* PBXContainerItemProxy */ = {
			isa = PBXContainerItemProxy;
			containerPortal = 91169C8B2D5CA67300881BF9 /* Project object */;
			proxyType = 1;
			remoteGlobalIDString = 91169C922D5CA67300881BF9;
			remoteInfo = pipelineProject;
		};
/* End PBXContainerItemProxy section */

/* Begin PBXFileReference section */
		91169C932D5CA67300881BF9 /* pipelineProject.app */ = {isa = PBXFileReference; explicitFileType = wrapper.application; includeInIndex = 0; path = pipelineProject.app; sourceTree = BUILT_PRODUCTS_DIR; };
		91169C962D5CA67300881BF9 /* pipelineProjectApp.swift */ = {isa = PBXFileReference; lastKnownFileType = sourcecode.swift; path = pipelineProjectApp.swift; sourceTree = "<group>"; };
		91169C982D5CA67300881BF9 /* ContentView.swift */ = {isa = PBXFileReference; lastKnownFileType = sourcecode.swift; path = ContentView.swift; sourceTree = "<group>"; };
		91169C9A2D5CA67400881BF9 /* Assets.xcassets */ = {isa = PBXFileReference; lastKnownFileType = folder.assetcatalog; path = Assets.xcassets; sourceTree = "<group>"; };
		91169C9D2D5CA67400881BF9 /* Preview Assets.xcassets */ = {isa = PBXFileReference; lastKnownFileType = folder.assetcatalog; path = "Preview Assets.xcassets"; sourceTree = "<group>"; };
		91169CA32D5CA67400881BF9 /* pipelineProjectTests.xctest */ = {isa = PBXFileReference; explicitFileType = wrapper.cfbundle; includeInIndex = 0; path = pipelineProjectTests.xctest; sourceTree = BUILT_PRODUCTS_DIR; };
		91169CA72D5CA67400881BF9 /* pipelineProjectTests.swift */ = {isa = PBXFileReference; lastKnownFileType = sourcecode.swift; path = pipelineProjectTests.swift; sourceTree = "<group>"; };
		91169CAD2D5CA67400881BF9 /* pipelineProjectUITests.xctest */ = {isa = PBXFileReference; explicitFileType = wrapper.cfbundle; includeInIndex = 0; path = pipelineProjectUITests.xctest; sourceTree = BUILT_PRODUCTS_DIR; };
		91169CB12D5CA67400881BF9 /* pipelineProjectUITests.swift */ = {isa = PBXFileReference; lastKnownFileType = sourcecode.swift; path = pipelineProjectUITests.swift; sourceTree = "<group>"; };
		91169CB32D5CA67400881BF9 /* pipelineProjectUITestsLaunchTests.swift */ = {isa = PBXFileReference; lastKnownFileType = sourcecode.swift; path = pipelineProjectUITestsLaunchTests.swift; sourceTree = "<group>"; };
/* End PBXFileReference section */

/* Begin PBXFrameworksBuildPhase section */
		91169C902D5CA67300881BF9 /* Frameworks */ = {
			isa = PBXFrameworksBuildPhase;
			buildActionMask = 2147483647;
			files = (
			);
			runOnlyForDeploymentPostprocessing = 0;
		};
		91169CA02D5CA67400881BF9 /* Frameworks */ = {
			isa = PBXFrameworksBuildPhase;
			buildActionMask = 2147483647;
			files = (
			);
			runOnlyForDeploymentPostprocessing = 0;
		};
		91169CAA2D5CA67400881BF9 /* Frameworks */ = {
			isa = PBXFrameworksBuildPhase;
			buildActionMask = 2147483647;
			files = (
			);
			runOnlyForDeploymentPostprocessing = 0;
		};
/* End PBXFrameworksBuildPhase section */

/* Begin PBXGroup section */
		91169C8A2D5CA67300881BF9 = {
			isa = PBXGroup;
			children = (
				91169C952D5CA67300881BF9 /* pipelineProject */,
				91169CA62D5CA67400881BF9 /* pipelineProjectTests */,
				91169CB02D5CA67400881BF9 /* pipelineProjectUITests */,
				91169C942D5CA67300881BF9 /* Products */,
			);
			sourceTree = "<group>";
		};
		91169C942D5CA67300881BF9 /* Products */ = {
			isa = PBXGroup;
			children = (
				91169C932D5CA67300881BF9 /* pipelineProject.app */,
				91169CA32D5CA67400881BF9 /* pipelineProjectTests.xctest */,
				91169CAD2D5CA67400881BF9 /* pipelineProjectUITests.xctest */,
			);
			name = Products;
			sourceTree = "<group>";
		};
		91169C952D5CA67300881BF9 /* pipelineProject */ = {
			isa = PBXGroup;
			children = (
				91169C962D5CA67300881BF9 /* pipelineProjectApp.swift */,
				91169C982D5CA67300881BF9 /* ContentView.swift */,
				91169C9A2D5CA67400881BF9 /* Assets.xcassets */,
				91169C9C2D5CA67400881BF9 /* Preview Content */,
			);
			path = pipelineProject;
			sourceTree = "<group>";
		};
		91169C9C2D5CA67400881BF9 /* Preview Content */ = {
			isa = PBXGroup;
			children = (
				91169C9D2D5CA67400881BF9 /* Preview Assets.xcassets */,
			);
			path = "Preview Content";
			sourceTree = "<group>";
		};
		91169CA62D5CA67400881BF9 /* pipelineProjectTests */ = {
			isa = PBXGroup;
			children = (
				91169CA72D5CA67400881BF9 /* pipelineProjectTests.swift */,
			);
			path = pipelineProjectTests;
			sourceTree = "<group>";
		};
		91169CB02D5CA67400881BF9 /* pipelineProjectUITests */ = {
			isa = PBXGroup;
			children = (
				91169CB12D5CA67400881BF9 /* pipelineProjectUITests.swift */,
				91169CB32D5CA67400881BF9 /* pipelineProjectUITestsLaunchTests.swift */,
			);
			path = pipelineProjectUITests;
			sourceTree = "<group>";
		};
/* End PBXGroup section */

/* Begin PBXNativeTarget section */
		91169C922D5CA67300881BF9 /* pipelineProject */ = {
			isa = PBXNativeTarget;
			buildConfigurationList = 91169CB72D5CA67400881BF9 /* Build configuration list for PBXNativeTarget "pipelineProject" */;
			buildPhases = (
				91169C8F2D5CA67300881BF9 /* Sources */,
				91169C902D5CA67300881BF9 /* Frameworks */,
				91169C912D5CA67300881BF9 /* Resources */,
			);
			buildRules = (
			);
			dependencies = (
			);
			name = pipelineProject;
			productName = pipelineProject;
			productReference = 91169C932D5CA67300881BF9 /* pipelineProject.app */;
			productType = "com.apple.product-type.application";
		};
		91169CA22D5CA67400881BF9 /* pipelineProjectTests */ = {
			isa = PBXNativeTarget;
			buildConfigurationList = 91169CBA2D5CA67400881BF9 /* Build configuration list for PBXNativeTarget "pipelineProjectTests" */;
			buildPhases = (
				91169C9F2D5CA67400881BF9 /* Sources */,
				91169CA02D5CA67400881BF9 /* Frameworks */,
				91169CA12D5CA67400881BF9 /* Resources */,
			);
			buildRules = (
			);
			dependencies = (
				91169CA52D5CA67400881BF9 /* PBXTargetDependency */,
			);
			name = pipelineProjectTests;
			productName = pipelineProjectTests;
			productReference = 91169CA32D5CA67400881BF9 /* pipelineProjectTests.xctest */;
			productType = "com.apple.product-type.bundle.unit-test";
		};
		91169CAC2D5CA67400881BF9 /* pipelineProjectUITests */ = {
			isa = PBXNativeTarget;
			buildConfigurationList = 91169CBD2D5CA67400881BF9 /* Build configuration list for PBXNativeTarget "pipelineProjectUITests" */;
			buildPhases = (
				91169CA92D5CA67400881BF9 /* Sources */,
				91169CAA2D5CA67400881BF9 /* Frameworks */,
				91169CAB2D5CA67400881BF9 /* Resources */,
			);
			buildRules = (
			);
			dependencies = (
				91169CAF2D5CA67400881BF9 /* PBXTargetDependency */,
			);
			name = pipelineProjectUITests;
			productName = pipelineProjectUITests;
			productReference = 91169CAD2D5CA67400881BF9 /* pipelineProjectUITests.xctest */;
			productType = "com.apple.product-type.bundle.ui-testing";
		};
/* End PBXNativeTarget section */

/* Begin PBXProject section */
		91169C8B2D5CA67300881BF9 /* Project object */ = {
			isa = PBXProject;
			attributes = {
				BuildIndependentTargetsInParallel = 1;
				LastSwiftUpdateCheck = 1500;
				LastUpgradeCheck = 1500;
				TargetAttributes = {
					91169C922D5CA67300881BF9 = {
						CreatedOnToolsVersion = 15.0;
					};
					91169CA22D5CA67400881BF9 = {
						CreatedOnToolsVersion = 15.0;
						TestTargetID = 91169C922D5CA67300881BF9;
					};
					91169CAC2D5CA67400881BF9 = {
						CreatedOnToolsVersion = 15.0;
						TestTargetID = 91169C922D5CA67300881BF9;
					};
				};
			};
			buildConfigurationList = 91169C8E2D5CA67300881BF9 /* Build configuration list for PBXProject "pipelineProject" */;
			compatibilityVersion = "Xcode 14.0";
			developmentRegion = en;
			hasScannedForEncodings = 0;
			knownRegions = (
				en,
				Base,
			);
			mainGroup = 91169C8A2D5CA67300881BF9;
			productRefGroup = 91169C942D5CA67300881BF9 /* Products */;
			projectDirPath = "";
			projectRoot = "";
			targets = (
				91169C922D5CA67300881BF9 /* pipelineProject */,
				91169CA22D5CA67400881BF9 /* pipelineProjectTests */,
				91169CAC2D5CA67400881BF9 /* pipelineProjectUITests */,
			);
		};
/* End PBXProject section */

/* Begin PBXResourcesBuildPhase section */
		91169C912D5CA67300881BF9 /* Resources */ = {
			isa = PBXResourcesBuildPhase;
			buildActionMask = 2147483647;
			files = (
				91169C9E2D5CA67400881BF9 /* Preview Assets.xcassets in Resources */,
				91169C9B2D5CA67400881BF9 /* Assets.xcassets in Resources */,
			);
			runOnlyForDeploymentPostprocessing = 0;
		};
		91169CA12D5CA67400881BF9 /* Resources */ = {
			isa = PBXResourcesBuildPhase;
			buildActionMask = 2147483647;
			files = (
			);
			runOnlyForDeploymentPostprocessing = 0;
		};
		91169CAB2D5CA67400881BF9 /* Resources */ = {
			isa = PBXResourcesBuildPhase;
			buildActionMask = 2147483647;
			files = (
			);
			runOnlyForDeploymentPostprocessing = 0;
		};
/* End PBXResourcesBuildPhase section */

/* Begin PBXSourcesBuildPhase section */
		91169C8F2D5CA67300881BF9 /* Sources */ = {
			isa = PBXSourcesBuildPhase;
			buildActionMask = 2147483647;
			files = (
				91169C992D5CA67300881BF9 /* ContentView.swift in Sources */,
				91169C972D5CA67300881BF9 /* pipelineProjectApp.swift in Sources */,
			);
			runOnlyForDeploymentPostprocessing = 0;
		};
		91169C9F2D5CA67400881BF9 /* Sources */ = {
			isa = PBXSourcesBuildPhase;
			buildActionMask = 2147483647;
			files = (
				91169CA82D5CA67400881BF9 /* pipelineProjectTests.swift in Sources */,
			);
			runOnlyForDeploymentPostprocessing = 0;
		};
		91169CA92D5CA67400881BF9 /* Sources */ = {
			isa = PBXSourcesBuildPhase;
			buildActionMask = 2147483647;
			files = (
				91169CB42D5CA67400881BF9 /* pipelineProjectUITestsLaunchTests.swift in Sources */,
				91169CB22D5CA67400881BF9 /* pipelineProjectUITests.swift in Sources */,
			);
			runOnlyForDeploymentPostprocessing = 0;
		};
/* End PBXSourcesBuildPhase section */

/* Begin PBXTargetDependency section */
		91169CA52D5CA67400881BF9 /* PBXTargetDependency */ = {
			isa = PBXTargetDependency;
			target = 91169C922D5CA67300881BF9 /* pipelineProject */;
			targetProxy = 91169CA42D5CA67400881BF9 /* PBXContainerItemProxy */;
		};
		91169CAF2D5CA67400881BF9 /* PBXTargetDependency */ = {
			isa = PBXTargetDependency;
			target = 91169C922D5CA67300881BF9 /* pipelineProject */;
			targetProxy = 91169CAE2D5CA67400881BF9 /* PBXContainerItemProxy */;
		};
/* End PBXTargetDependency section */

/* Begin XCBuildConfiguration section */
		91169CB52D5CA67400881BF9 /* Debug */ = {
			isa = XCBuildConfiguration;
			buildSettings = {
				ALWAYS_SEARCH_USER_PATHS = NO;
				ASSETCATALOG_COMPILER_GENERATE_SWIFT_ASSET_SYMBOL_EXTENSIONS = YES;
				CLANG_ANALYZER_NONNULL = YES;
				CLANG_ANALYZER_NUMBER_OBJECT_CONVERSION = YES_AGGRESSIVE;
				CLANG_CXX_LANGUAGE_STANDARD = "gnu++20";
				CLANG_ENABLE_MODULES = YES;
				CLANG_ENABLE_OBJC_ARC = YES;
				CLANG_ENABLE_OBJC_WEAK = YES;
				CLANG_WARN_BLOCK_CAPTURE_AUTORELEASING = YES;
				CLANG_WARN_BOOL_CONVERSION = YES;
				CLANG_WARN_COMMA = YES;
				CLANG_WARN_CONSTANT_CONVERSION = YES;
				CLANG_WARN_DEPRECATED_OBJC_IMPLEMENTATIONS = YES;
				CLANG_WARN_DIRECT_OBJC_ISA_USAGE = YES_ERROR;
				CLANG_WARN_DOCUMENTATION_COMMENTS = YES;
				CLANG_WARN_EMPTY_BODY = YES;
				CLANG_WARN_ENUM_CONVERSION = YES;
				CLANG_WARN_INFINITE_RECURSION = YES;
				CLANG_WARN_INT_CONVERSION = YES;
				CLANG_WARN_NON_LITERAL_NULL_CONVERSION = YES;
				CLANG_WARN_OBJC_IMPLICIT_RETAIN_SELF = YES;
				CLANG_WARN_OBJC_LITERAL_CONVERSION = YES;
				CLANG_WARN_OBJC_ROOT_CLASS = YES_ERROR;
				CLANG_WARN_QUOTED_INCLUDE_IN_FRAMEWORK_HEADER = YES;
				CLANG_WARN_RANGE_LOOP_ANALYSIS = YES;
				CLANG_WARN_STRICT_PROTOTYPES = YES;
				CLANG_WARN_SUSPICIOUS_MOVE = YES;
				CLANG_WARN_UNGUARDED_AVAILABILITY = YES_AGGRESSIVE;
				CLANG_WARN_UNREACHABLE_CODE = YES;
				CLANG_WARN__DUPLICATE_METHOD_MATCH = YES;
				COPY_PHASE_STRIP = NO;
				DEBUG_INFORMATION_FORMAT = dwarf;
				ENABLE_STRICT_OBJC_MSGSEND = YES;
				ENABLE_TESTABILITY = YES;
				ENABLE_USER_SCRIPT_SANDBOXING = YES;
				GCC_C_LANGUAGE_STANDARD = gnu17;
				GCC_DYNAMIC_NO_PIC = NO;
				GCC_NO_COMMON_BLOCKS = YES;
				GCC_OPTIMIZATION_LEVEL = 0;
				GCC_PREPROCESSOR_DEFINITIONS = (
					"DEBUG=1",
					"$(inherited)",
				);
				GCC_WARN_64_TO_32_BIT_CONVERSION = YES;
				GCC_WARN_ABOUT_RETURN_TYPE = YES_ERROR;
				GCC_WARN_UNDECLARED_SELECTOR = YES;
				GCC_WARN_UNINITIALIZED_AUTOS = YES_AGGRESSIVE;
				GCC_WARN_UNUSED_FUNCTION = YES;
				GCC_WARN_UNUSED_VARIABLE = YES;
				IPHONEOS_DEPLOYMENT_TARGET = 17.0;
				LOCALIZATION_PREFERS_STRING_CATALOGS = YES;
				MTL_ENABLE_DEBUG_INFO = INCLUDE_SOURCE;
				MTL_FAST_MATH = YES;
				ONLY_ACTIVE_ARCH = YES;
				SDKROOT = iphoneos;
				SWIFT_ACTIVE_COMPILATION_CONDITIONS = "DEBUG $(inherited)";
				SWIFT_OPTIMIZATION_LEVEL = "-Onone";
			};
			name = Debug;
		};
		91169CB62D5CA67400881BF9 /* Release */ = {
			isa = XCBuildConfiguration;
			buildSettings = {
				ALWAYS_SEARCH_USER_PATHS = NO;
				ASSETCATALOG_COMPILER_GENERATE_SWIFT_ASSET_SYMBOL_EXTENSIONS = YES;
				CLANG_ANALYZER_NONNULL = YES;
				CLANG_ANALYZER_NUMBER_OBJECT_CONVERSION = YES_AGGRESSIVE;
				CLANG_CXX_LANGUAGE_STANDARD = "gnu++20";
				CLANG_ENABLE_MODULES = YES;
				CLANG_ENABLE_OBJC_ARC = YES;
				CLANG_ENABLE_OBJC_WEAK = YES;
				CLANG_WARN_BLOCK_CAPTURE_AUTORELEASING = YES;
				CLANG_WARN_BOOL_CONVERSION = YES;
				CLANG_WARN_COMMA = YES;
				CLANG_WARN_CONSTANT_CONVERSION = YES;
				CLANG_WARN_DEPRECATED_OBJC_IMPLEMENTATIONS = YES;
				CLANG_WARN_DIRECT_OBJC_ISA_USAGE = YES_ERROR;
				CLANG_WARN_DOCUMENTATION_COMMENTS = YES;
				CLANG_WARN_EMPTY_BODY = YES;
				CLANG_WARN_ENUM_CONVERSION = YES;
				CLANG_WARN_INFINITE_RECURSION = YES;
				CLANG_WARN_INT_CONVERSION = YES;
				CLANG_WARN_NON_LITERAL_NULL_CONVERSION = YES;
				CLANG_WARN_OBJC_IMPLICIT_RETAIN_SELF = YES;
				CLANG_WARN_OBJC_LITERAL_CONVERSION = YES;
				CLANG_WARN_OBJC_ROOT_CLASS = YES_ERROR;
				CLANG_WARN_QUOTED_INCLUDE_IN_FRAMEWORK_HEADER = YES;
				CLANG_WARN_RANGE_LOOP_ANALYSIS = YES;
				CLANG_WARN_STRICT_PROTOTYPES = YES;
				CLANG_WARN_SUSPICIOUS_MOVE = YES;
				CLANG_WARN_UNGUARDED_AVAILABILITY = YES_AGGRESSIVE;
				CLANG_WARN_UNREACHABLE_CODE = YES;
				CLANG_WARN__DUPLICATE_METHOD_MATCH = YES;
				COPY_PHASE_STRIP = NO;
				DEBUG_INFORMATION_FORMAT = "dwarf-with-dsym";
				ENABLE_NS_ASSERTIONS = NO;
				ENABLE_STRICT_OBJC_MSGSEND = YES;
				ENABLE_USER_SCRIPT_SANDBOXING = YES;
				GCC_C_LANGUAGE_STANDARD = gnu17;
				GCC_NO_COMMON_BLOCKS = YES;
				GCC_WARN_64_TO_32_BIT_CONVERSION = YES;
				GCC_WARN_ABOUT_RETURN_TYPE = YES_ERROR;
				GCC_WARN_UNDECLARED_SELECTOR = YES;
				GCC_WARN_UNINITIALIZED_AUTOS = YES_AGGRESSIVE;
				GCC_WARN_UNUSED_FUNCTION = YES;
				GCC_WARN_UNUSED_VARIABLE = YES;
				IPHONEOS_DEPLOYMENT_TARGET = 17.0;
				LOCALIZATION_PREFERS_STRING_CATALOGS = YES;
				MTL_ENABLE_DEBUG_INFO = NO;
				MTL_FAST_MATH = YES;
				SDKROOT = iphoneos;
				SWIFT_COMPILATION_MODE = wholemodule;
				VALIDATE_PRODUCT = YES;
			};
			name = Release;
		};
		91169CB82D5CA67400881BF9 /* Debug */ = {
			isa = XCBuildConfiguration;
			buildSettings = {
				ASSETCATALOG_COMPILER_APPICON_NAME = AppIcon;
				ASSETCATALOG_COMPILER_GLOBAL_ACCENT_COLOR_NAME = AccentColor;
				CODE_SIGN_STYLE = Automatic;
				CURRENT_PROJECT_VERSION = 1;
				DEVELOPMENT_ASSET_PATHS = "\"pipelineProject/Preview Content\"";
				DEVELOPMENT_TEAM = 57K9GPSDFX;
				ENABLE_PREVIEWS = YES;
				GENERATE_INFOPLIST_FILE = YES;
				INFOPLIST_KEY_UIApplicationSceneManifest_Generation = YES;
				INFOPLIST_KEY_UIApplicationSupportsIndirectInputEvents = YES;
				INFOPLIST_KEY_UILaunchScreen_Generation = YES;
				INFOPLIST_KEY_UISupportedInterfaceOrientations_iPad = "UIInterfaceOrientationPortrait UIInterfaceOrientationPortraitUpsideDown UIInterfaceOrientationLandscapeLeft UIInterfaceOrientationLandscapeRight";
				INFOPLIST_KEY_UISupportedInterfaceOrientations_iPhone = "UIInterfaceOrientationPortrait UIInterfaceOrientationLandscapeLeft UIInterfaceOrientationLandscapeRight";
				LD_RUNPATH_SEARCH_PATHS = (
					"$(inherited)",
					"@executable_path/Frameworks",
				);
				MARKETING_VERSION = 1.0;
				PRODUCT_BUNDLE_IDENTIFIER = clb.pipelineProject;
				PRODUCT_NAME = "$(TARGET_NAME)";
				SWIFT_EMIT_LOC_STRINGS = YES;
				SWIFT_VERSION = 5.0;
				TARGETED_DEVICE_FAMILY = "1,2";
			};
			name = Debug;
		};
		91169CB92D5CA67400881BF9 /* Release */ = {
			isa = XCBuildConfiguration;
			buildSettings = {
				ASSETCATALOG_COMPILER_APPICON_NAME = AppIcon;
				ASSETCATALOG_COMPILER_GLOBAL_ACCENT_COLOR_NAME = AccentColor;
				CODE_SIGN_STYLE = Automatic;
				CURRENT_PROJECT_VERSION = 1;
				DEVELOPMENT_ASSET_PATHS = "\"pipelineProject/Preview Content\"";
				DEVELOPMENT_TEAM = 57K9GPSDFX;
				ENABLE_PREVIEWS = YES;
				GENERATE_INFOPLIST_FILE = YES;
				INFOPLIST_KEY_UIApplicationSceneManifest_Generation = YES;
				INFOPLIST_KEY_UIApplicationSupportsIndirectInputEvents = YES;
				INFOPLIST_KEY_UILaunchScreen_Generation = YES;
				INFOPLIST_KEY_UISupportedInterfaceOrientations_iPad = "UIInterfaceOrientationPortrait UIInterfaceOrientationPortraitUpsideDown UIInterfaceOrientationLandscapeLeft UIInterfaceOrientationLandscapeRight";
				INFOPLIST_KEY_UISupportedInterfaceOrientations_iPhone = "UIInterfaceOrientationPortrait UIInterfaceOrientationLandscapeLeft UIInterfaceOrientationLandscapeRight";
				LD_RUNPATH_SEARCH_PATHS = (
					"$(inherited)",
					"@executable_path/Frameworks",
				);
				MARKETING_VERSION = 1.0;
				PRODUCT_BUNDLE_IDENTIFIER = clb.pipelineProject;
				PRODUCT_NAME = "$(TARGET_NAME)";
				SWIFT_EMIT_LOC_STRINGS = YES;
				SWIFT_VERSION = 5.0;
				TARGETED_DEVICE_FAMILY = "1,2";
			};
			name = Release;
		};
		91169CBB2D5CA67400881BF9 /* Debug */ = {
			isa = XCBuildConfiguration;
			buildSettings = {
				ALWAYS_EMBED_SWIFT_STANDARD_LIBRARIES = YES;
				BUNDLE_LOADER = "$(TEST_HOST)";
				CODE_SIGN_STYLE = Automatic;
				CURRENT_PROJECT_VERSION = 1;
				DEVELOPMENT_TEAM = 57K9GPSDFX;
				GENERATE_INFOPLIST_FILE = YES;
				IPHONEOS_DEPLOYMENT_TARGET = 17.0;
				MARKETING_VERSION = 1.0;
				PRODUCT_BUNDLE_IDENTIFIER = clb.pipelineProjectTests;
				PRODUCT_NAME = "$(TARGET_NAME)";
				SWIFT_EMIT_LOC_STRINGS = NO;
				SWIFT_VERSION = 5.0;
				TARGETED_DEVICE_FAMILY = "1,2";
				TEST_HOST = "$(BUILT_PRODUCTS_DIR)/pipelineProject.app/$(BUNDLE_EXECUTABLE_FOLDER_PATH)/pipelineProject";
			};
			name = Debug;
		};
		91169CBC2D5CA67400881BF9 /* Release */ = {
			isa = XCBuildConfiguration;
			buildSettings = {
				ALWAYS_EMBED_SWIFT_STANDARD_LIBRARIES = YES;
				BUNDLE_LOADER = "$(TEST_HOST)";
				CODE_SIGN_STYLE = Automatic;
				CURRENT_PROJECT_VERSION = 1;
				DEVELOPMENT_TEAM = 57K9GPSDFX;
				GENERATE_INFOPLIST_FILE = YES;
				IPHONEOS_DEPLOYMENT_TARGET = 17.0;
				MARKETING_VERSION = 1.0;
				PRODUCT_BUNDLE_IDENTIFIER = clb.pipelineProjectTests;
				PRODUCT_NAME = "$(TARGET_NAME)";
				SWIFT_EMIT_LOC_STRINGS = NO;
				SWIFT_VERSION = 5.0;
				TARGETED_DEVICE_FAMILY = "1,2";
				TEST_HOST = "$(BUILT_PRODUCTS_DIR)/pipelineProject.app/$(BUNDLE_EXECUTABLE_FOLDER_PATH)/pipelineProject";
			};
			name = Release;
		};
		91169CBE2D5CA67400881BF9 /* Debug */ = {
			isa = XCBuildConfiguration;
			buildSettings = {
				ALWAYS_EMBED_SWIFT_STANDARD_LIBRARIES = YES;
				CODE_SIGN_STYLE = Automatic;
				CURRENT_PROJECT_VERSION = 1;
				DEVELOPMENT_TEAM = 57K9GPSDFX;
				GENERATE_INFOPLIST_FILE = YES;
				MARKETING_VERSION = 1.0;
				PRODUCT_BUNDLE_IDENTIFIER = clb.pipelineProjectUITests;
				PRODUCT_NAME = "$(TARGET_NAME)";
				SWIFT_EMIT_LOC_STRINGS = NO;
				SWIFT_VERSION = 5.0;
				TARGETED_DEVICE_FAMILY = "1,2";
				TEST_TARGET_NAME = pipelineProject;
			};
			name = Debug;
		};
		91169CBF2D5CA67400881BF9 /* Release */ = {
			isa = XCBuildConfiguration;
			buildSettings = {
				ALWAYS_EMBED_SWIFT_STANDARD_LIBRARIES = YES;
				CODE_SIGN_STYLE = Automatic;
				CURRENT_PROJECT_VERSION = 1;
				DEVELOPMENT_TEAM = 57K9GPSDFX;
				GENERATE_INFOPLIST_FILE = YES;
				MARKETING_VERSION = 1.0;
				PRODUCT_BUNDLE_IDENTIFIER = clb.pipelineProjectUITests;
				PRODUCT_NAME = "$(TARGET_NAME)";
				SWIFT_EMIT_LOC_STRINGS = NO;
				SWIFT_VERSION = 5.0;
				TARGETED_DEVICE_FAMILY = "1,2";
				TEST_TARGET_NAME = pipelineProject;
			};
			name = Release;
		};
/* End XCBuildConfiguration section */

/* Begin XCConfigurationList section */
		91169C8E2D5CA67300881BF9 /* Build configuration list for PBXProject "pipelineProject" */ = {
			isa = XCConfigurationList;
			buildConfigurations = (
				91169CB52D5CA67400881BF9 /* Debug */,
				91169CB62D5CA67400881BF9 /* Release */,
			);
			defaultConfigurationIsVisible = 0;
			defaultConfigurationName = Release;
		};
		91169CB72D5CA67400881BF9 /* Build configuration list for PBXNativeTarget "pipelineProject" */ = {
			isa = XCConfigurationList;
			buildConfigurations = (
				91169CB82D5CA67400881BF9 /* Debug */,
				91169CB92D5CA67400881BF9 /* Release */,
			);
			defaultConfigurationIsVisible = 0;
			defaultConfigurationName = Release;
		};
		91169CBA2D5CA67400881BF9 /* Build configuration list for PBXNativeTarget "pipelineProjectTests" */ = {
			isa = XCConfigurationList;
			buildConfigurations = (
				91169CBB2D5CA67400881BF9 /* Debug */,
				91169CBC2D5CA67400881BF9 /* Release */,
			);
			defaultConfigurationIsVisible = 0;
			defaultConfigurationName = Release;
		};
		91169CBD2D5CA67400881BF9 /* Build configuration list for PBXNativeTarget "pipelineProjectUITests" */ = {
			isa = XCConfigurationList;
			buildConfigurations = (
				91169CBE2D5CA67400881BF9 /* Debug */,
				91169CBF2D5CA67400881BF9 /* Release */,
			);
			defaultConfigurationIsVisible = 0;
			defaultConfigurationName = Release;
		};
/* End XCConfigurationList section */
	};
	rootObject = 91169C8B2D5CA67300881BF9 /* Project object */;
}
